
Microsoft Visual Studio Solution File, Format Version 12.00
# Visual Studio Version 16
VisualStudioVersion = 16.0.31205.134
MinimumVisualStudioVersion = 10.0.40219.1
Project("{FAE04EC0-301F-11D3-BF4B-00C04F79EFBC}") = "PostApp", "PostApp\PostApp.csproj", "{CDDBA17A-36F1-4492-9062-0419B78A85A1}"
EndProject
Global
	GlobalSection(SolutionConfigurationPlatforms) = preSolution
		Debug|Any CPU = Debug|Any CPU
		Release|Any CPU = Release|Any CPU
	EndGlobalSection
	GlobalSection(ProjectConfigurationPlatforms) = postSolution
		{CDDBA17A-36F1-4492-9062-0419B78A85A1}.Debug|Any CPU.ActiveCfg = Debug|Any CPU
		{CDDBA17A-36F1-4492-9062-0419B78A85A1}.Debug|Any CPU.Build.0 = Debug|Any CPU
		{CDDBA17A-36F1-4492-9062-0419B78A85A1}.Release|Any CPU.ActiveCfg = Release|Any CPU
		{CDDBA17A-36F1-4492-9062-0419B78A85A1}.Release|Any CPU.Build.0 = Release|Any CPU
	EndGlobalSection
	GlobalSection(SolutionProperties) = preSolution
		HideSolutionNode = FALSE
	EndGlobalSection
	GlobalSection(ExtensibilityGlobals) = postSolution
		SolutionGuid = {35BDA535-ED24-4EAE-9371-2FA6942297EE}
	EndGlobalSection
EndGlobal
